// !$*UTF8*$!
{
	archiveVersion = 1;
	classes = {
	};
	objectVersion = 46;
	objects = {

/* Begin PBXBuildFile section */
		27969D831A7334DA0020320F /* AppDelegate.swift in Sources */ = {isa = PBXBuildFile; fileRef = 27969D821A7334DA0020320F /* AppDelegate.swift */; };
		27D640E61A942E50004888C4 /* HouseTest.swift in Sources */ = {isa = PBXBuildFile; fileRef = 27D640E51A942E50004888C4 /* HouseTest.swift */; };
		27D640E81A942EDD004888C4 /* House.swift in Sources */ = {isa = PBXBuildFile; fileRef = 27D640E71A942EDD004888C4 /* House.swift */; };
		27D640E91A942EDD004888C4 /* House.swift in Sources */ = {isa = PBXBuildFile; fileRef = 27D640E71A942EDD004888C4 /* House.swift */; };
/* End PBXBuildFile section */

/* Begin PBXContainerItemProxy section */
		27969D8E1A7334DA0020320F /* PBXContainerItemProxy */ = {
			isa = PBXContainerItemProxy;
			containerPortal = 27969D751A7334DA0020320F /* Project object */;
			proxyType = 1;
			remoteGlobalIDString = 27969D7C1A7334DA0020320F;
			remoteInfo = poods;
		};
/* End PBXContainerItemProxy section */

/* Begin PBXFileReference section */
		27969D7D1A7334DA0020320F /* poods.app */ = {isa = PBXFileReference; explicitFileType = wrapper.application; includeInIndex = 0; path = poods.app; sourceTree = BUILT_PRODUCTS_DIR; };
		27969D811A7334DA0020320F /* Info.plist */ = {isa = PBXFileReference; lastKnownFileType = text.plist.xml; path = Info.plist; sourceTree = "<group>"; };
		27969D821A7334DA0020320F /* AppDelegate.swift */ = {isa = PBXFileReference; lastKnownFileType = sourcecode.swift; path = AppDelegate.swift; sourceTree = "<group>"; };
		27969D8D1A7334DA0020320F /* poodsTests.xctest */ = {isa = PBXFileReference; explicitFileType = wrapper.cfbundle; includeInIndex = 0; path = poodsTests.xctest; sourceTree = BUILT_PRODUCTS_DIR; };
		27969D921A7334DA0020320F /* Info.plist */ = {isa = PBXFileReference; lastKnownFileType = text.plist.xml; path = Info.plist; sourceTree = "<group>"; };
		27D640E51A942E50004888C4 /* HouseTest.swift */ = {isa = PBXFileReference; fileEncoding = 4; lastKnownFileType = sourcecode.swift; path = HouseTest.swift; sourceTree = "<group>"; };
		27D640E71A942EDD004888C4 /* House.swift */ = {isa = PBXFileReference; fileEncoding = 4; lastKnownFileType = sourcecode.swift; path = House.swift; sourceTree = "<group>"; };
/* End PBXFileReference section */

/* Begin PBXFrameworksBuildPhase section */
		27969D7A1A7334DA0020320F /* Frameworks */ = {
			isa = PBXFrameworksBuildPhase;
			buildActionMask = 2147483647;
			files = (
			);
			runOnlyForDeploymentPostprocessing = 0;
		};
		27969D8A1A7334DA0020320F /* Frameworks */ = {
			isa = PBXFrameworksBuildPhase;
			buildActionMask = 2147483647;
			files = (
			);
			runOnlyForDeploymentPostprocessing = 0;
		};
/* End PBXFrameworksBuildPhase section */

/* Begin PBXGroup section */
		27969D741A7334DA0020320F = {
			isa = PBXGroup;
			children = (
				27969D7F1A7334DA0020320F /* poods */,
				27969D901A7334DA0020320F /* poodsTests */,
				27969D7E1A7334DA0020320F /* Products */,
			);
			sourceTree = "<group>";
		};
		27969D7E1A7334DA0020320F /* Products */ = {
			isa = PBXGroup;
			children = (
				27969D7D1A7334DA0020320F /* poods.app */,
				27969D8D1A7334DA0020320F /* poodsTests.xctest */,
			);
			name = Products;
			sourceTree = "<group>";
		};
		27969D7F1A7334DA0020320F /* poods */ = {
			isa = PBXGroup;
			children = (
				27969D821A7334DA0020320F /* AppDelegate.swift */,
				27969D801A7334DA0020320F /* Supporting Files */,
				27D640E71A942EDD004888C4 /* House.swift */,
			);
			path = poods;
			sourceTree = "<group>";
		};
		27969D801A7334DA0020320F /* Supporting Files */ = {
			isa = PBXGroup;
			children = (
				27969D811A7334DA0020320F /* Info.plist */,
			);
			name = "Supporting Files";
			sourceTree = "<group>";
		};
		27969D901A7334DA0020320F /* poodsTests */ = {
			isa = PBXGroup;
			children = (
				27969D911A7334DA0020320F /* Supporting Files */,
				27D640E51A942E50004888C4 /* HouseTest.swift */,
			);
			path = poodsTests;
			sourceTree = "<group>";
		};
		27969D911A7334DA0020320F /* Supporting Files */ = {
			isa = PBXGroup;
			children = (
				27969D921A7334DA0020320F /* Info.plist */,
			);
			name = "Supporting Files";
			sourceTree = "<group>";
		};
/* End PBXGroup section */

/* Begin PBXNativeTarget section */
		27969D7C1A7334DA0020320F /* poods */ = {
			isa = PBXNativeTarget;
			buildConfigurationList = 27969D971A7334DA0020320F /* Build configuration list for PBXNativeTarget "poods" */;
			buildPhases = (
				27969D791A7334DA0020320F /* Sources */,
				27969D7A1A7334DA0020320F /* Frameworks */,
				27969D7B1A7334DA0020320F /* Resources */,
			);
			buildRules = (
			);
			dependencies = (
			);
			name = poods;
			productName = poods;
			productReference = 27969D7D1A7334DA0020320F /* poods.app */;
			productType = "com.apple.product-type.application";
		};
		27969D8C1A7334DA0020320F /* poodsTests */ = {
			isa = PBXNativeTarget;
			buildConfigurationList = 27969D9A1A7334DA0020320F /* Build configuration list for PBXNativeTarget "poodsTests" */;
			buildPhases = (
				27969D891A7334DA0020320F /* Sources */,
				27969D8A1A7334DA0020320F /* Frameworks */,
				27969D8B1A7334DA0020320F /* Resources */,
			);
			buildRules = (
			);
			dependencies = (
				27969D8F1A7334DA0020320F /* PBXTargetDependency */,
			);
			name = poodsTests;
			productName = poodsTests;
			productReference = 27969D8D1A7334DA0020320F /* poodsTests.xctest */;
			productType = "com.apple.product-type.bundle.unit-test";
		};
/* End PBXNativeTarget section */

/* Begin PBXProject section */
		27969D751A7334DA0020320F /* Project object */ = {
			isa = PBXProject;
			attributes = {
				LastUpgradeCheck = 0610;
				ORGANIZATIONNAME = "Sundeep Gupta";
				TargetAttributes = {
					27969D7C1A7334DA0020320F = {
						CreatedOnToolsVersion = 6.1.1;
					};
					27969D8C1A7334DA0020320F = {
						CreatedOnToolsVersion = 6.1.1;
						TestTargetID = 27969D7C1A7334DA0020320F;
					};
				};
			};
			buildConfigurationList = 27969D781A7334DA0020320F /* Build configuration list for PBXProject "poods" */;
			compatibilityVersion = "Xcode 3.2";
			developmentRegion = English;
			hasScannedForEncodings = 0;
			knownRegions = (
				en,
				Base,
			);
			mainGroup = 27969D741A7334DA0020320F;
			productRefGroup = 27969D7E1A7334DA0020320F /* Products */;
			projectDirPath = "";
			projectRoot = "";
			targets = (
				27969D7C1A7334DA0020320F /* poods */,
				27969D8C1A7334DA0020320F /* poodsTests */,
			);
		};
/* End PBXProject section */

/* Begin PBXResourcesBuildPhase section */
		27969D7B1A7334DA0020320F /* Resources */ = {
			isa = PBXResourcesBuildPhase;
			buildActionMask = 2147483647;
			files = (
			);
			runOnlyForDeploymentPostprocessing = 0;
		};
		27969D8B1A7334DA0020320F /* Resources */ = {
			isa = PBXResourcesBuildPhase;
			buildActionMask = 2147483647;
			files = (
			);
			runOnlyForDeploymentPostprocessing = 0;
		};
/* End PBXResourcesBuildPhase section */

/* Begin PBXSourcesBuildPhase section */
		27969D791A7334DA0020320F /* Sources */ = {
			isa = PBXSourcesBuildPhase;
			buildActionMask = 2147483647;
			files = (
				27D640E81A942EDD004888C4 /* House.swift in Sources */,
				27969D831A7334DA0020320F /* AppDelegate.swift in Sources */,
			);
			runOnlyForDeploymentPostprocessing = 0;
		};
		27969D891A7334DA0020320F /* Sources */ = {
			isa = PBXSourcesBuildPhase;
			buildActionMask = 2147483647;
			files = (
				27D640E91A942EDD004888C4 /* House.swift in Sources */,
				27D640E61A942E50004888C4 /* HouseTest.swift in Sources */,
			);
			runOnlyForDeploymentPostprocessing = 0;
		};
/* End PBXSourcesBuildPhase section */

/* Begin PBXTargetDependency section */
		27969D8F1A7334DA0020320F /* PBXTargetDependency */ = {
			isa = PBXTargetDependency;
			target = 27969D7C1A7334DA0020320F /* poods */;
			targetProxy = 27969D8E1A7334DA0020320F /* PBXContainerItemProxy */;
		};
/* End PBXTargetDependency section */

/* Begin XCBuildConfiguration section */
		27969D951A7334DA0020320F /* Debug */ = {
			isa = XCBuildConfiguration;
			buildSettings = {
				ALWAYS_SEARCH_USER_PATHS = NO;
				CLANG_CXX_LANGUAGE_STANDARD = "gnu++0x";
				CLANG_CXX_LIBRARY = "libc++";
				CLANG_ENABLE_MODULES = YES;
				CLANG_ENABLE_OBJC_ARC = YES;
				CLANG_WARN_BOOL_CONVERSION = YES;
				CLANG_WARN_CONSTANT_CONVERSION = YES;
				CLANG_WARN_DIRECT_OBJC_ISA_USAGE = YES_ERROR;
				CLANG_WARN_EMPTY_BODY = YES;
				CLANG_WARN_ENUM_CONVERSION = YES;
				CLANG_WARN_INT_CONVERSION = YES;
				CLANG_WARN_OBJC_ROOT_CLASS = YES_ERROR;
				CLANG_WARN_UNREACHABLE_CODE = YES;
				CLANG_WARN__DUPLICATE_METHOD_MATCH = YES;
				CODE_SIGN_IDENTITY = "-";
				COPY_PHASE_STRIP = NO;
				ENABLE_STRICT_OBJC_MSGSEND = YES;
				GCC_C_LANGUAGE_STANDARD = gnu99;
				GCC_DYNAMIC_NO_PIC = NO;
				GCC_OPTIMIZATION_LEVEL = 0;
				GCC_PREPROCESSOR_DEFINITIONS = (
					"DEBUG=1",
					"$(inherited)",
				);
				GCC_SYMBOLS_PRIVATE_EXTERN = NO;
				GCC_WARN_64_TO_32_BIT_CONVERSION = YES;
				GCC_WARN_ABOUT_RETURN_TYPE = YES_ERROR;
				GCC_WARN_UNDECLARED_SELECTOR = YES;
				GCC_WARN_UNINITIALIZED_AUTOS = YES_AGGRESSIVE;
				GCC_WARN_UNUSED_FUNCTION = YES;
				GCC_WARN_UNUSED_VARIABLE = YES;
				MACOSX_DEPLOYMENT_TARGET = 10.10;
				MTL_ENABLE_DEBUG_INFO = YES;
				ONLY_ACTIVE_ARCH = YES;
				SDKROOT = macosx;
				SWIFT_OPTIMIZATION_LEVEL = "-Onone";
			};
			name = Debug;
		};
		27969D961A7334DA0020320F /* Release */ = {
			isa = XCBuildConfiguration;
			buildSettings = {
				ALWAYS_SEARCH_USER_PATHS = NO;
				CLANG_CXX_LANGUAGE_STANDARD = "gnu++0x";
				CLANG_CXX_LIBRARY = "libc++";
				CLANG_ENABLE_MODULES = YES;
				CLANG_ENABLE_OBJC_ARC = YES;
				CLANG_WARN_BOOL_CONVERSION = YES;
				CLANG_WARN_CONSTANT_CONVERSION = YES;
				CLANG_WARN_DIRECT_OBJC_ISA_USAGE = YES_ERROR;
				CLANG_WARN_EMPTY_BODY = YES;
				CLANG_WARN_ENUM_CONVERSION = YES;
				CLANG_WARN_INT_CONVERSION = YES;
				CLANG_WARN_OBJC_ROOT_CLASS = YES_ERROR;
				CLANG_WARN_UNREACHABLE_CODE = YES;
				CLANG_WARN__DUPLICATE_METHOD_MATCH = YES;
				CODE_SIGN_IDENTITY = "-";
				COPY_PHASE_STRIP = YES;
				DEBUG_INFORMATION_FORMAT = "dwarf-with-dsym";
				ENABLE_NS_ASSERTIONS = NO;
				ENABLE_STRICT_OBJC_MSGSEND = YES;
				GCC_C_LANGUAGE_STANDARD = gnu99;
				GCC_WARN_64_TO_32_BIT_CONVERSION = YES;
				GCC_WARN_ABOUT_RETURN_TYPE = YES_ERROR;
				GCC_WARN_UNDECLARED_SELECTOR = YES;
				GCC_WARN_UNINITIALIZED_AUTOS = YES_AGGRESSIVE;
				GCC_WARN_UNUSED_FUNCTION = YES;
				GCC_WARN_UNUSED_VARIABLE = YES;
				MACOSX_DEPLOYMENT_TARGET = 10.10;
				MTL_ENABLE_DEBUG_INFO = NO;
				SDKROOT = macosx;
			};
			name = Release;
		};
		27969D981A7334DA0020320F /* Debug */ = {
			isa = XCBuildConfiguration;
			buildSettings = {
				ASSETCATALOG_COMPILER_APPICON_NAME = AppIcon;
				COMBINE_HIDPI_IMAGES = YES;
				INFOPLIST_FILE = poods/Info.plist;
				LD_RUNPATH_SEARCH_PATHS = "$(inherited) @executable_path/../Frameworks";
				PRODUCT_NAME = "$(TARGET_NAME)";
			};
			name = Debug;
		};
		27969D991A7334DA0020320F /* Release */ = {
			isa = XCBuildConfiguration;
			buildSettings = {
				ASSETCATALOG_COMPILER_APPICON_NAME = AppIcon;
				COMBINE_HIDPI_IMAGES = YES;
				INFOPLIST_FILE = poods/Info.plist;
				LD_RUNPATH_SEARCH_PATHS = "$(inherited) @executable_path/../Frameworks";
				PRODUCT_NAME = "$(TARGET_NAME)";
			};
			name = Release;
		};
		27969D9B1A7334DA0020320F /* Debug */ = {
			isa = XCBuildConfiguration;
			buildSettings = {
				BUNDLE_LOADER = "$(TEST_HOST)";
				CLANG_ENABLE_MODULES = YES;
				COMBINE_HIDPI_IMAGES = YES;
				FRAMEWORK_SEARCH_PATHS = (
					"$(DEVELOPER_FRAMEWORKS_DIR)",
					"$(inherited)",
				);
				GCC_PREPROCESSOR_DEFINITIONS = (
					"DEBUG=1",
					"$(inherited)",
				);
				INFOPLIST_FILE = poodsTests/Info.plist;
				LD_RUNPATH_SEARCH_PATHS = "$(inherited) @executable_path/../Frameworks @loader_path/../Frameworks";
				PRODUCT_NAME = "$(TARGET_NAME)";
				SWIFT_OPTIMIZATION_LEVEL = "-Onone";
				TEST_HOST = "$(BUILT_PRODUCTS_DIR)/poods.app/Contents/MacOS/poods";
			};
			name = Debug;
		};
		27969D9C1A7334DA0020320F /* Release */ = {
			isa = XCBuildConfiguration;
			buildSettings = {
				BUNDLE_LOADER = "$(TEST_HOST)";
				CLANG_ENABLE_MODULES = YES;
				COMBINE_HIDPI_IMAGES = YES;
				FRAMEWORK_SEARCH_PATHS = (
					"$(DEVELOPER_FRAMEWORKS_DIR)",
					"$(inherited)",
				);
				INFOPLIST_FILE = poodsTests/Info.plist;
				LD_RUNPATH_SEARCH_PATHS = "$(inherited) @executable_path/../Frameworks @loader_path/../Frameworks";
				PRODUCT_NAME = "$(TARGET_NAME)";
				TEST_HOST = "$(BUILT_PRODUCTS_DIR)/poods.app/Contents/MacOS/poods";
			};
			name = Release;
		};
/* End XCBuildConfiguration section */

/* Begin XCConfigurationList section */
		27969D781A7334DA0020320F /* Build configuration list for PBXProject "poods" */ = {
			isa = XCConfigurationList;
			buildConfigurations = (
				27969D951A7334DA0020320F /* Debug */,
				27969D961A7334DA0020320F /* Release */,
			);
			defaultConfigurationIsVisible = 0;
			defaultConfigurationName = Release;
		};
		27969D971A7334DA0020320F /* Build configuration list for PBXNativeTarget "poods" */ = {
			isa = XCConfigurationList;
			buildConfigurations = (
				27969D981A7334DA0020320F /* Debug */,
				27969D991A7334DA0020320F /* Release */,
			);
			defaultConfigurationIsVisible = 0;
			defaultConfigurationName = Release;
		};
		27969D9A1A7334DA0020320F /* Build configuration list for PBXNativeTarget "poodsTests" */ = {
			isa = XCConfigurationList;
			buildConfigurations = (
				27969D9B1A7334DA0020320F /* Debug */,
				27969D9C1A7334DA0020320F /* Release */,
			);
			defaultConfigurationIsVisible = 0;
			defaultConfigurationName = Release;
		};
/* End XCConfigurationList section */
	};
	rootObject = 27969D751A7334DA0020320F /* Project object */;
}
